
Microsoft Visual Studio Solution File, Format Version 12.00
# Visual Studio Version 16
VisualStudioVersion = 16.0.31424.327
MinimumVisualStudioVersion = 10.0.40219.1
Project("{FAE04EC0-301F-11D3-BF4B-00C04F79EFBC}") = "VueloEspacial.Android", "VueloEspacial.Android\VueloEspacial.Android.csproj", "{4E9DAD9B-2602-4CB2-98AC-976D152AED02}"
EndProject
Project("{FAE04EC0-301F-11D3-BF4B-00C04F79EFBC}") = "VueloEspacial.iOS", "VueloEspacial.iOS\VueloEspacial.iOS.csproj", "{56899291-AB53-4903-8356-EEBC0C58E52B}"
EndProject
Project("{9A19103F-16F7-4668-BE54-9A1E7A4F7556}") = "VueloEspacial", "VueloEspacial\VueloEspacial.csproj", "{97A88C07-DDDE-4EE6-B769-00A78C578668}"
EndProject
Global
	GlobalSection(SolutionConfigurationPlatforms) = preSolution
		Debug|Any CPU = Debug|Any CPU
		Debug|iPhone = Debug|iPhone
		Debug|iPhoneSimulator = Debug|iPhoneSimulator
		Release|Any CPU = Release|Any CPU
		Release|iPhone = Release|iPhone
		Release|iPhoneSimulator = Release|iPhoneSimulator
	EndGlobalSection
	GlobalSection(ProjectConfigurationPlatforms) = postSolution
		{4E9DAD9B-2602-4CB2-98AC-976D152AED02}.Debug|Any CPU.ActiveCfg = Debug|Any CPU
		{4E9DAD9B-2602-4CB2-98AC-976D152AED02}.Debug|Any CPU.Build.0 = Debug|Any CPU
		{4E9DAD9B-2602-4CB2-98AC-976D152AED02}.Debug|Any CPU.Deploy.0 = Debug|Any CPU
		{4E9DAD9B-2602-4CB2-98AC-976D152AED02}.Debug|iPhone.ActiveCfg = Debug|Any CPU
		{4E9DAD9B-2602-4CB2-98AC-976D152AED02}.Debug|iPhone.Build.0 = Debug|Any CPU
		{4E9DAD9B-2602-4CB2-98AC-976D152AED02}.Debug|iPhone.Deploy.0 = Debug|Any CPU
		{4E9DAD9B-2602-4CB2-98AC-976D152AED02}.Debug|iPhoneSimulator.ActiveCfg = Debug|Any CPU
		{4E9DAD9B-2602-4CB2-98AC-976D152AED02}.Debug|iPhoneSimulator.Build.0 = Debug|Any CPU
		{4E9DAD9B-2602-4CB2-98AC-976D152AED02}.Debug|iPhoneSimulator.Deploy.0 = Debug|Any CPU
		{4E9DAD9B-2602-4CB2-98AC-976D152AED02}.Release|Any CPU.ActiveCfg = Release|Any CPU
		{4E9DAD9B-2602-4CB2-98AC-976D152AED02}.Release|Any CPU.Build.0 = Release|Any CPU
		{4E9DAD9B-2602-4CB2-98AC-976D152AED02}.Release|Any CPU.Deploy.0 = Release|Any CPU
		{4E9DAD9B-2602-4CB2-98AC-976D152AED02}.Release|iPhone.ActiveCfg = Release|Any CPU
		{4E9DAD9B-2602-4CB2-98AC-976D152AED02}.Release|iPhone.Build.0 = Release|Any CPU
		{4E9DAD9B-2602-4CB2-98AC-976D152AED02}.Release|iPhone.Deploy.0 = Release|Any CPU
		{4E9DAD9B-2602-4CB2-98AC-976D152AED02}.Release|iPhoneSimulator.ActiveCfg = Release|Any CPU
		{4E9DAD9B-2602-4CB2-98AC-976D152AED02}.Release|iPhoneSimulator.Build.0 = Release|Any CPU
		{4E9DAD9B-2602-4CB2-98AC-976D152AED02}.Release|iPhoneSimulator.Deploy.0 = Release|Any CPU
		{56899291-AB53-4903-8356-EEBC0C58E52B}.Debug|Any CPU.ActiveCfg = Debug|iPhone
		{56899291-AB53-4903-8356-EEBC0C58E52B}.Debug|Any CPU.Build.0 = Debug|iPhone
		{56899291-AB53-4903-8356-EEBC0C58E52B}.Debug|Any CPU.Deploy.0 = Debug|iPhone
		{56899291-AB53-4903-8356-EEBC0C58E52B}.Debug|iPhone.ActiveCfg = Debug|iPhone
		{56899291-AB53-4903-8356-EEBC0C58E52B}.Debug|iPhone.Build.0 = Debug|iPhone
		{56899291-AB53-4903-8356-EEBC0C58E52B}.Debug|iPhone.Deploy.0 = Debug|iPhone
		{56899291-AB53-4903-8356-EEBC0C58E52B}.Debug|iPhoneSimulator.ActiveCfg = Debug|iPhoneSimulator
		{56899291-AB53-4903-8356-EEBC0C58E52B}.Debug|iPhoneSimulator.Build.0 = Debug|iPhoneSimulator
		{56899291-AB53-4903-8356-EEBC0C58E52B}.Debug|iPhoneSimulator.Deploy.0 = Debug|iPhoneSimulator
		{56899291-AB53-4903-8356-EEBC0C58E52B}.Release|Any CPU.ActiveCfg = Release|iPhoneSimulator
		{56899291-AB53-4903-8356-EEBC0C58E52B}.Release|Any CPU.Build.0 = Release|iPhoneSimulator
		{56899291-AB53-4903-8356-EEBC0C58E52B}.Release|Any CPU.Deploy.0 = Release|iPhoneSimulator
		{56899291-AB53-4903-8356-EEBC0C58E52B}.Release|iPhone.ActiveCfg = Release|iPhone
		{56899291-AB53-4903-8356-EEBC0C58E52B}.Release|iPhone.Build.0 = Release|iPhone
		{56899291-AB53-4903-8356-EEBC0C58E52B}.Release|iPhone.Deploy.0 = Release|iPhone
		{56899291-AB53-4903-8356-EEBC0C58E52B}.Release|iPhoneSimulator.ActiveCfg = Release|iPhoneSimulator
		{56899291-AB53-4903-8356-EEBC0C58E52B}.Release|iPhoneSimulator.Build.0 = Release|iPhoneSimulator
		{56899291-AB53-4903-8356-EEBC0C58E52B}.Release|iPhoneSimulator.Deploy.0 = Release|iPhoneSimulator
		{97A88C07-DDDE-4EE6-B769-00A78C578668}.Debug|Any CPU.ActiveCfg = Debug|Any CPU
		{97A88C07-DDDE-4EE6-B769-00A78C578668}.Debug|Any CPU.Build.0 = Debug|Any CPU
		{97A88C07-DDDE-4EE6-B769-00A78C578668}.Debug|Any CPU.Deploy.0 = Debug|Any CPU
		{97A88C07-DDDE-4EE6-B769-00A78C578668}.Debug|iPhone.ActiveCfg = Debug|Any CPU
		{97A88C07-DDDE-4EE6-B769-00A78C578668}.Debug|iPhone.Build.0 = Debug|Any CPU
		{97A88C07-DDDE-4EE6-B769-00A78C578668}.Debug|iPhone.Deploy.0 = Debug|Any CPU
		{97A88C07-DDDE-4EE6-B769-00A78C578668}.Debug|iPhoneSimulator.ActiveCfg = Debug|Any CPU
		{97A88C07-DDDE-4EE6-B769-00A78C578668}.Debug|iPhoneSimulator.Build.0 = Debug|Any CPU
		{97A88C07-DDDE-4EE6-B769-00A78C578668}.Debug|iPhoneSimulator.Deploy.0 = Debug|Any CPU
		{97A88C07-DDDE-4EE6-B769-00A78C578668}.Release|Any CPU.ActiveCfg = Release|Any CPU
		{97A88C07-DDDE-4EE6-B769-00A78C578668}.Release|Any CPU.Build.0 = Release|Any CPU
		{97A88C07-DDDE-4EE6-B769-00A78C578668}.Release|Any CPU.Deploy.0 = Release|Any CPU
		{97A88C07-DDDE-4EE6-B769-00A78C578668}.Release|iPhone.ActiveCfg = Release|Any CPU
		{97A88C07-DDDE-4EE6-B769-00A78C578668}.Release|iPhone.Build.0 = Release|Any CPU
		{97A88C07-DDDE-4EE6-B769-00A78C578668}.Release|iPhone.Deploy.0 = Release|Any CPU
		{97A88C07-DDDE-4EE6-B769-00A78C578668}.Release|iPhoneSimulator.ActiveCfg = Release|Any CPU
		{97A88C07-DDDE-4EE6-B769-00A78C578668}.Release|iPhoneSimulator.Build.0 = Release|Any CPU
		{97A88C07-DDDE-4EE6-B769-00A78C578668}.Release|iPhoneSimulator.Deploy.0 = Release|Any CPU
	EndGlobalSection
	GlobalSection(SolutionProperties) = preSolution
		HideSolutionNode = FALSE
	EndGlobalSection
	GlobalSection(ExtensibilityGlobals) = postSolution
		SolutionGuid = {EB4F9F45-EA8C-4439-9977-A7D470DDD3D5}
	EndGlobalSection
EndGlobal
